
Microsoft Visual Studio Solution File, Format Version 12.00
# Visual Studio Version 17
VisualStudioVersion = 17.11.35208.52
MinimumVisualStudioVersion = 10.0.40219.1
Project("{FAE04EC0-301F-11D3-BF4B-00C04F79EFBC}") = "UI Project", "UI Project.csproj", "{8201C041-B7E9-4B50-9E84-5A0B78B315AC}"
EndProject
Global
	GlobalSection(SolutionConfigurationPlatforms) = preSolution
		Debug|Any CPU = Debug|Any CPU
		Release|Any CPU = Release|Any CPU
	EndGlobalSection
	GlobalSection(ProjectConfigurationPlatforms) = postSolution
		{8201C041-B7E9-4B50-9E84-5A0B78B315AC}.Debug|Any CPU.ActiveCfg = Debug|Any CPU
		{8201C041-B7E9-4B50-9E84-5A0B78B315AC}.Debug|Any CPU.Build.0 = Debug|Any CPU
		{8201C041-B7E9-4B50-9E84-5A0B78B315AC}.Release|Any CPU.ActiveCfg = Release|Any CPU
		{8201C041-B7E9-4B50-9E84-5A0B78B315AC}.Release|Any CPU.Build.0 = Release|Any CPU
	EndGlobalSection
	GlobalSection(SolutionProperties) = preSolution
		HideSolutionNode = FALSE
	EndGlobalSection
	GlobalSection(ExtensibilityGlobals) = postSolution
		SolutionGuid = {15056F9A-27E5-426C-B9C5-1A44502F331F}
	EndGlobalSection
EndGlobal
